# THIS IS AN AUTOGENERATED FILE. DO NOT EDIT THIS FILE DIRECTLY.
# yarn lockfile v1


"@miniprogram-component-plus/index-list@^1.0.0":
  version "1.0.0"
  resolved "https://registry.npm.taobao.org/@miniprogram-component-plus/index-list/download/@miniprogram-component-plus/index-list-1.0.0.tgz#2182907c64717e76b61cf2b3691e302804a45ead"
  integrity sha1-IYKQfGRxfna2HPKzaR4wKASkXq0=
